
Microsoft Visual Studio Solution File, Format Version 12.00
# Visual Studio Version 17
VisualStudioVersion = 17.7.34202.233
MinimumVisualStudioVersion = 10.0.40219.1
Project("{FAE04EC0-301F-11D3-BF4B-00C04F79EFBC}") = "HappySmile", "HappySmile\HappySmile.csproj", "{601B2DAE-746F-4FA5-99AC-382D6F418020}"
EndProject
Global
	GlobalSection(SolutionConfigurationPlatforms) = preSolution
		Debug|Any CPU = Debug|Any CPU
		Release|Any CPU = Release|Any CPU
	EndGlobalSection
	GlobalSection(ProjectConfigurationPlatforms) = postSolution
		{601B2DAE-746F-4FA5-99AC-382D6F418020}.Debug|Any CPU.ActiveCfg = Debug|Any CPU
		{601B2DAE-746F-4FA5-99AC-382D6F418020}.Debug|Any CPU.Build.0 = Debug|Any CPU
		{601B2DAE-746F-4FA5-99AC-382D6F418020}.Release|Any CPU.ActiveCfg = Release|Any CPU
		{601B2DAE-746F-4FA5-99AC-382D6F418020}.Release|Any CPU.Build.0 = Release|Any CPU
	EndGlobalSection
	GlobalSection(SolutionProperties) = preSolution
		HideSolutionNode = FALSE
	EndGlobalSection
	GlobalSection(ExtensibilityGlobals) = postSolution
		SolutionGuid = {8B47D6C5-6274-420C-A873-006CD4D1B630}
	EndGlobalSection
EndGlobal
